
Microsoft Visual Studio Solution File, Format Version 12.00
# Visual Studio 14
VisualStudioVersion = 14.0.25123.0
MinimumVisualStudioVersion = 10.0.40219.1
Project("{FAE04EC0-301F-11D3-BF4B-00C04F79EFBC}") = "ClassLibrary", "ClassLibrary\ClassLibrary.csproj", "{8DEEB901-AC90-4B10-9CDF-E59E7A564A44}"
EndProject
Project("{FAE04EC0-301F-11D3-BF4B-00C04F79EFBC}") = "Web", "Web\Web.csproj", "{DBD47636-05DA-444E-A79E-0A8C22AB78EF}"
EndProject
Global
	GlobalSection(SolutionConfigurationPlatforms) = preSolution
		Debug|Any CPU = Debug|Any CPU
		Release|Any CPU = Release|Any CPU
	EndGlobalSection
	GlobalSection(ProjectConfigurationPlatforms) = postSolution
		{8DEEB901-AC90-4B10-9CDF-E59E7A564A44}.Debug|Any CPU.ActiveCfg = Debug|Any CPU
		{8DEEB901-AC90-4B10-9CDF-E59E7A564A44}.Debug|Any CPU.Build.0 = Debug|Any CPU
		{8DEEB901-AC90-4B10-9CDF-E59E7A564A44}.Release|Any CPU.ActiveCfg = Release|Any CPU
		{8DEEB901-AC90-4B10-9CDF-E59E7A564A44}.Release|Any CPU.Build.0 = Release|Any CPU
		{DBD47636-05DA-444E-A79E-0A8C22AB78EF}.Debug|Any CPU.ActiveCfg = Debug|Any CPU
		{DBD47636-05DA-444E-A79E-0A8C22AB78EF}.Debug|Any CPU.Build.0 = Debug|Any CPU
		{DBD47636-05DA-444E-A79E-0A8C22AB78EF}.Release|Any CPU.ActiveCfg = Release|Any CPU
		{DBD47636-05DA-444E-A79E-0A8C22AB78EF}.Release|Any CPU.Build.0 = Release|Any CPU
	EndGlobalSection
	GlobalSection(SolutionProperties) = preSolution
		HideSolutionNode = FALSE
	EndGlobalSection
EndGlobal
